PODS:
  - cybex_flutter_plugin (0.0.1):
    - Flutter
  - Flutter (1.0.0)

DEPENDENCIES:
  - cybex_flutter_plugin (from `.symlinks/plugins/cybex_flutter_plugin/ios`)
  - Flutter (from `.symlinks/flutter/ios`)

EXTERNAL SOURCES:
  cybex_flutter_plugin:
    :path: ".symlinks/plugins/cybex_flutter_plugin/ios"
  Flutter:
    :path: ".symlinks/flutter/ios"

SPEC CHECKSUMS:
  cybex_flutter_plugin: a16be87c9abbcf7fd041e3cb04219e5a62e63515
  Flutter: 0e3d915762c693b495b44d77113d4970485de6ec

PODFILE CHECKSUM: b02606947baaf3e07fcd71cb6f0c6149fcdf6bf2

COCOAPODS: 1.6.1
